
Microsoft Visual Studio Solution File, Format Version 12.00
# Visual Studio Version 17
VisualStudioVersion = 17.0.32112.339
MinimumVisualStudioVersion = 10.0.40219.1
Project("{FAE04EC0-301F-11D3-BF4B-00C04F79EFBC}") = "SMS", "SMS\SMS.csproj", "{684B362E-D7E1-4294-B861-C1BA71BF2558}"
EndProject
Global
	GlobalSection(SolutionConfigurationPlatforms) = preSolution
		Debug|Any CPU = Debug|Any CPU
		Release|Any CPU = Release|Any CPU
	EndGlobalSection
	GlobalSection(ProjectConfigurationPlatforms) = postSolution
		{684B362E-D7E1-4294-B861-C1BA71BF2558}.Debug|Any CPU.ActiveCfg = Debug|Any CPU
		{684B362E-D7E1-4294-B861-C1BA71BF2558}.Debug|Any CPU.Build.0 = Debug|Any CPU
		{684B362E-D7E1-4294-B861-C1BA71BF2558}.Release|Any CPU.ActiveCfg = Release|Any CPU
		{684B362E-D7E1-4294-B861-C1BA71BF2558}.Release|Any CPU.Build.0 = Release|Any CPU
	EndGlobalSection
	GlobalSection(SolutionProperties) = preSolution
		HideSolutionNode = FALSE
	EndGlobalSection
	GlobalSection(ExtensibilityGlobals) = postSolution
		SolutionGuid = {8E1E5BFA-2299-4143-BFC8-2EC716D474E7}
	EndGlobalSection
EndGlobal
